<?xml version="1.0" encoding="utf-8"?>
<Project ToolsVersion="4.0" xmlns="http://schemas.microsoft.com/developer/msbuild/2003">
  <ItemGroup>
    <Filter Include="Source Files">
      <UniqueIdentifier>{4FC737F1-C7A5-4376-A066-2A32D752A2FF}</UniqueIdentifier>
      <Extensions>cpp;c;cc;cxx;c++;cppm;ixx;def;odl;idl;hpj;bat;asm;asmx</Extensions>
    </Filter>
    <Filter Include="Header Files">
      <UniqueIdentifier>{93995380-89BD-4b04-88EB-625FBE52EBFB}</UniqueIdentifier>
      <Extensions>h;hh;hpp;hxx;h++;hm;inl;inc;ipp;xsd</Extensions>
    </Filter>
    <Filter Include="Resource Files">
      <UniqueIdentifier>{67DA6AB6-F800-4c08-8B7A-83BB121AAD01}</UniqueIdentifier>
      <Extensions>rc;ico;cur;bmp;dlg;rc2;rct;bin;rgs;gif;jpg;jpeg;jpe;resx;tiff;tif;png;wav;mfcribbon-ms</Extensions>
    </Filter>
  </ItemGroup>
  <ItemGroup>
    <ClCompile Include="src\App.cpp">
      <Filter>Source Files</Filter>
    </ClCompile>
    <ClCompile Include="src\MainFrame\MainFrame.cpp">
      <Filter>Source Files</Filter>
    </ClCompile>
    <ClCompile Include="src\RtMidiWrapper\RtMidi\RtMidi.cpp">
      <Filter>Source Files</Filter>
    </ClCompile>
    <ClCompile Include="src\Panels\MidiCanvas\MidiCanvas.cpp">
      <Filter>Source Files</Filter>
    </ClCompile>
    <ClCompile Include="src\AppModel\AppModel.cpp">
      <Filter>Source Files</Filter>
    </ClCompile>
    <ClCompile Include="src\Commands\NoteEditCommands.cpp">
      <Filter>Source Files</Filter>
    </ClCompile>
    <ClCompile Include="src\AppModel\TrackSet\TrackSet.cpp">
      <Filter>Source Files</Filter>
    </ClCompile>
    <ClCompile Include="src\AppModel\SoundBank\SoundBank.cpp">
      <Filter>Source Files</Filter>
    </ClCompile>
    <ClCompile Include="src\MainFrame\MainFrameEventHandlers.cpp">
      <Filter>Source Files</Filter>
    </ClCompile>
    <ClCompile Include="src\Panels\MidiCanvas\MidiCanvasEventHandlers.cpp">
      <Filter>Source Files</Filter>
    </ClCompile>
    <ClCompile Include="src\AppModel\RecordingSession\RecordingSession.cpp">
      <Filter>Source Files</Filter>
    </ClCompile>
    <ClCompile Include="src\AppModel\Selection\Selection.cpp">
      <Filter>Source Files</Filter>
    </ClCompile>
    <ClCompile Include="src\AppModel\PreviewManager\PreviewManager.cpp">
      <Filter>Source Files</Filter>
    </ClCompile>
    <ClCompile Include="src\AppModel\ProjectManager\ProjectManager.cpp">
      <Filter>Source Files</Filter>
    </ClCompile>
    <ClCompile Include="src\AppModel\UndoRedoManager\UndoRedoManager.cpp">
      <Filter>Source Files</Filter>
    </ClCompile>
    <ClCompile Include="src\AppModel\Transport\Transport.cpp">
      <Filter>Source Files</Filter>
    </ClCompile>
    <ClCompile Include="src\AppModel\DrumMachine\DrumMachine.cpp">
      <Filter>Source Files</Filter>
    </ClCompile>
    <ClCompile Include="src\Panels\DrumMachine\DrumMachinePanel.cpp">
      <Filter>Source Files</Filter>
    </ClCompile>
    <ClCompile Include="src\MainFrame\KeyboardHandler.cpp">
      <Filter>Source Files</Filter>
    </ClCompile>
    <ClCompile Include="src\External\midifile\Binasc.cpp">
      <Filter>Source Files</Filter>
    </ClCompile>
    <ClCompile Include="src\External\midifile\MidiEvent.cpp">
      <Filter>Source Files</Filter>
    </ClCompile>
    <ClCompile Include="src\External\midifile\MidiEventList.cpp">
      <Filter>Source Files</Filter>
    </ClCompile>
    <ClCompile Include="src\External\midifile\MidiFile.cpp">
      <Filter>Source Files</Filter>
    </ClCompile>
    <ClCompile Include="src\External\midifile\MidiMessage.cpp">
      <Filter>Source Files</Filter>
    </ClCompile>
    <ClCompile Include="src\External\midifile\Options.cpp">
      <Filter>Source Files</Filter>
    </ClCompile>
    <ClCompile Include="src\Commands\MultiNoteCommands.cpp">
      <Filter>Source Files</Filter>
    </ClCompile>
  </ItemGroup>
  <ItemGroup>
    <ClInclude Include="src\MainFrame\MainFrame.h">
      <Filter>Header Files</Filter>
    </ClInclude>
    <ClInclude Include="src\Panels\Log.h">
      <Filter>Header Files</Filter>
    </ClInclude>
    <ClInclude Include="src\AppModel\AppModel.h">
      <Filter>Header Files</Filter>
    </ClInclude>
    <ClInclude Include="src\Panels\MidiSettings.h">
      <Filter>Header Files</Filter>
    </ClInclude>
    <ClInclude Include="src\Panels\Panels.h">
      <Filter>Header Files</Filter>
    </ClInclude>
    <ClInclude Include="src\RtMidiWrapper\MidiDevice\MidiError.h">
      <Filter>Header Files</Filter>
    </ClInclude>
    <ClInclude Include="src\RtMidiWrapper\MidiDevice\MidiIn.h">
      <Filter>Header Files</Filter>
    </ClInclude>
    <ClInclude Include="src\RtMidiWrapper\MidiDevice\MidiInCallback.h">
      <Filter>Header Files</Filter>
    </ClInclude>
    <ClInclude Include="src\RtMidiWrapper\MidiDevice\MidiOut.h">
      <Filter>Header Files</Filter>
    </ClInclude>
    <ClInclude Include="src\RtMidiWrapper\MidiMessage\MidiMessage.h">
      <Filter>Header Files</Filter>
    </ClInclude>
    <ClInclude Include="src\RtMidiWrapper\MidiMessage\SoundMaps.h">
      <Filter>Header Files</Filter>
    </ClInclude>
    <ClInclude Include="src\RtMidiWrapper\RtMidi\RtMidi.h">
      <Filter>Header Files</Filter>
    </ClInclude>
    <ClInclude Include="src\RtMidiWrapper\RtMidiWrapper.h">
      <Filter>Header Files</Filter>
    </ClInclude>
    <ClInclude Include="src\MainFrame\PaneInfo.h">
      <Filter>Header Files</Filter>
    </ClInclude>
    <ClInclude Include="src\AppModel\SoundBank\SoundBank.h">
      <Filter>Header Files</Filter>
    </ClInclude>
    <ClInclude Include="src\Panels\ChannelControls.h">
      <Filter>Header Files</Filter>
    </ClInclude>
    <ClInclude Include="src\Panels\SoundBankPanel.h">
      <Filter>Header Files</Filter>
    </ClInclude>
    <ClInclude Include="src\AppModel\Transport\Transport.h">
      <Filter>Header Files</Filter>
    </ClInclude>
    <ClInclude Include="src\Panels\TransportPanel.h">
      <Filter>Header Files</Filter>
    </ClInclude>
    <ClInclude Include="src\AppModel\TrackSet\TrackSet.h">
      <Filter>Header Files</Filter>
    </ClInclude>
    <ClInclude Include="src\Panels\MidiCanvas\MidiCanvas.h">
      <Filter>Header Files</Filter>
    </ClInclude>
    <ClInclude Include="src\Commands\Command.h">
      <Filter>Header Files</Filter>
    </ClInclude>
    <ClInclude Include="src\Commands\NoteEditCommands.h">
      <Filter>Header Files</Filter>
    </ClInclude>
    <ClInclude Include="src\Commands\RecordCommand.h">
      <Filter>Header Files</Filter>
    </ClInclude>
    <ClInclude Include="src\External\json.hpp">
      <Filter>Header Files</Filter>
    </ClInclude>
    <ClInclude Include="src\Panels\UndoHistoryPanel.h">
      <Filter>Header Files</Filter>
    </ClInclude>
    <ClInclude Include="src\Panels\ShortcutsPanel.h">
      <Filter>Header Files</Filter>
    </ClInclude>
    <ClInclude Include="src\Commands\PasteCommand.h">
      <Filter>Header Files</Filter>
    </ClInclude>
    <ClInclude Include="src\Commands\QuantizeCommand.h">
      <Filter>Header Files</Filter>
    </ClInclude>
    <ClInclude Include="src\Panels\MidiCanvas\MidiCanvasConstants.h">
      <Filter>Header Files</Filter>
    </ClInclude>
    <ClInclude Include="src\MidiConstants.h">
      <Filter>Header Files</Filter>
    </ClInclude>
    <ClInclude Include="src\AppModel\RecordingSession\RecordingSession.h">
      <Filter>Header Files</Filter>
    </ClInclude>
    <ClInclude Include="src\AppModel\Selection\Selection.h">
      <Filter>Header Files</Filter>
    </ClInclude>
    <ClInclude Include="src\AppModel\Clipboard\Clipboard.h">
      <Filter>Header Files</Filter>
    </ClInclude>
    <ClInclude Include="src\AppModel\MetronomeService\MetronomeService.h">
      <Filter>Header Files</Filter>
    </ClInclude>
    <ClInclude Include="src\AppModel\MidiInputManager\MidiInputManager.h">
      <Filter>Header Files</Filter>
    </ClInclude>
    <ClInclude Include="src\AppModel\PreviewManager\PreviewManager.h">
      <Filter>Header Files</Filter>
    </ClInclude>
    <ClInclude Include="src\AppModel\ProjectManager\ProjectManager.h">
      <Filter>Header Files</Filter>
    </ClInclude>
    <ClInclude Include="src\AppModel\UndoRedoManager\UndoRedoManager.h">
      <Filter>Header Files</Filter>
    </ClInclude>
    <ClInclude Include="src\Panels\DrumMachine\DrumMachinePanel.h">
      <Filter>Header Files</Filter>
    </ClInclude>
    <ClInclude Include="src\AppModel\DrumMachine\DrumMachine.h">
      <Filter>Header Files</Filter>
    </ClInclude>
    <ClInclude Include="src\MainFrame\KeyboardHandler.h">
      <Filter>Header Files</Filter>
    </ClInclude>
    <ClInclude Include="src\MainFrame\MainFrameIDs.h">
      <Filter>Header Files</Filter>
    </ClInclude>
    <ClInclude Include="src\Commands\MoveMultipleNotesCommand.h">
      <Filter>Header Files</Filter>
    </ClInclude>
    <ClInclude Include="src\Commands\DeleteMultipleNotesCommand.h">
      <Filter>Header Files</Filter>
    </ClInclude>
    <ClInclude Include="src\Commands\PasteToTracksCommand.h">
      <Filter>Header Files</Filter>
    </ClInclude>
    <ClInclude Include="src\AppModel\SoundBank\ChannelColors.h">
      <Filter>Header Files</Filter>
    </ClInclude>
    <ClInclude Include="src\External\midifile\Binasc.h">
      <Filter>Header Files</Filter>
    </ClInclude>
    <ClInclude Include="src\External\midifile\MidiEvent.h">
      <Filter>Header Files</Filter>
    </ClInclude>
    <ClInclude Include="src\External\midifile\MidiEventList.h">
      <Filter>Header Files</Filter>
    </ClInclude>
    <ClInclude Include="src\External\midifile\MidiFile.h">
      <Filter>Header Files</Filter>
    </ClInclude>
    <ClInclude Include="src\External\midifile\MidiMessage.h">
      <Filter>Header Files</Filter>
    </ClInclude>
    <ClInclude Include="src\External\midifile\Options.h">
      <Filter>Header Files</Filter>
    </ClInclude>
    <ClInclude Include="src\Commands\ClearTrackCommand.h">
      <Filter>Header Files</Filter>
    </ClInclude>
    <ClInclude Include="src\Commands\ClipboardCommands.h">
      <Filter>Header Files</Filter>
    </ClInclude>
    <ClInclude Include="src\Commands\MultiNoteCommands.h">
      <Filter>Header Files</Filter>
    </ClInclude>
    <ClInclude Include="src\Commands\TrackCommands.h">
      <Filter>Header Files</Filter>
    </ClInclude>
    <ClInclude Include="src\NoteTypes.h">
      <Filter>Header Files</Filter>
    </ClInclude>
  </ItemGroup>
</Project>
