<?xml version="1.0" encoding="utf-8"?>
<Project ToolsVersion="4.0" xmlns="http://schemas.microsoft.com/developer/msbuild/2003">
  <ItemGroup>
    <Filter Include="Source Files">
      <UniqueIdentifier>{4FC737F1-C7A5-4376-A066-2A32D752A2FF}</UniqueIdentifier>
      <Extensions>cpp;c;cc;cxx;c++;cppm;ixx;def;odl;idl;hpj;bat;asm;asmx</Extensions>
    </Filter>
    <Filter Include="Header Files">
      <UniqueIdentifier>{93995380-89BD-4b04-88EB-625FBE52EBFB}</UniqueIdentifier>
      <Extensions>h;hh;hpp;hxx;h++;hm;inl;inc;ipp;xsd</Extensions>
    </Filter>
    <Filter Include="Resource Files">
      <UniqueIdentifier>{67DA6AB6-F800-4c08-8B7A-83BB121AAD01}</UniqueIdentifier>
      <Extensions>rc;ico;cur;bmp;dlg;rc2;rct;bin;rgs;gif;jpg;jpeg;jpe;resx;tiff;tif;png;wav;mfcribbon-ms</Extensions>
    </Filter>
  </ItemGroup>
  <ItemGroup>
    <ClCompile Include="src\App.cpp">
      <Filter>Source Files</Filter>
    </ClCompile>
    <ClCompile Include="src\MainFrame\MainFrame.cpp">
      <Filter>Source Files</Filter>
    </ClCompile>
    <ClCompile Include="src\RtMidiWrapper\RtMidi\RtMidi.cpp">
      <Filter>Source Files</Filter>
    </ClCompile>
  </ItemGroup>
  <ItemGroup>
    <ClInclude Include="src\MainFrame\MainFrame.h">
      <Filter>Header Files</Filter>
    </ClInclude>
    <ClInclude Include="src\Panels\Instrument.h">
      <Filter>Header Files</Filter>
    </ClInclude>
    <ClInclude Include="src\Panels\Inspector.h">
      <Filter>Header Files</Filter>
    </ClInclude>
    <ClInclude Include="src\Panels\MainSynth.h">
      <Filter>Header Files</Filter>
    </ClInclude>
    <ClInclude Include="src\Panels\Log.h">
      <Filter>Header Files</Filter>
    </ClInclude>
    <ClInclude Include="src\Panels\Dummy.h">
      <Filter>Header Files</Filter>
    </ClInclude>
    <ClInclude Include="src\AppModel\AppModel.h">
      <Filter>Header Files</Filter>
    </ClInclude>
    <ClInclude Include="src\Panels\MidiSettings.h">
      <Filter>Header Files</Filter>
    </ClInclude>
    <ClInclude Include="src\Panels\Panels.h">
      <Filter>Header Files</Filter>
    </ClInclude>
    <ClInclude Include="src\RtMidiWrapper\MidiDevice\MidiError.h">
      <Filter>Header Files</Filter>
    </ClInclude>
    <ClInclude Include="src\RtMidiWrapper\MidiDevice\MidiIn.h">
      <Filter>Header Files</Filter>
    </ClInclude>
    <ClInclude Include="src\RtMidiWrapper\MidiDevice\MidiInCallback.h">
      <Filter>Header Files</Filter>
    </ClInclude>
    <ClInclude Include="src\RtMidiWrapper\MidiDevice\MidiOut.h">
      <Filter>Header Files</Filter>
    </ClInclude>
    <ClInclude Include="src\RtMidiWrapper\MidiMessage\MidiMessage.h">
      <Filter>Header Files</Filter>
    </ClInclude>
    <ClInclude Include="src\RtMidiWrapper\MidiMessage\SoundMaps.h">
      <Filter>Header Files</Filter>
    </ClInclude>
    <ClInclude Include="src\RtMidiWrapper\RtMidi\RtMidi.h">
      <Filter>Header Files</Filter>
    </ClInclude>
    <ClInclude Include="src\RtMidiWrapper\RtMidiWrapper.h">
      <Filter>Header Files</Filter>
    </ClInclude>
    <ClInclude Include="src\MainFrame\PaneInfo.h">
      <Filter>Header Files</Filter>
    </ClInclude>
    <ClInclude Include="src\AppModel\SoundBank.h">
      <Filter>Header Files</Filter>
    </ClInclude>
    <ClInclude Include="src\Panels\ChannelControls.h">
      <Filter>Header Files</Filter>
    </ClInclude>
    <ClInclude Include="src\Panels\SoundBankPanel.h">
      <Filter>Header Files</Filter>
    </ClInclude>
    <ClInclude Include="src\AppModel\Transport.h">
      <Filter>Header Files</Filter>
    </ClInclude>
    <ClInclude Include="src\Panels\TransportPanel.h">
      <Filter>Header Files</Filter>
    </ClInclude>
    <ClInclude Include="src\AppModel\TrackSet.h">
      <Filter>Header Files</Filter>
    </ClInclude>
    <ClInclude Include="src\Panels\MidiCanvas.h">
      <Filter>Header Files</Filter>
    </ClInclude>
    <ClInclude Include="src\Panels\ChannelTrackRow.h">
      <Filter>Header Files</Filter>
    </ClInclude>
    <ClInclude Include="src\Commands\Command.h">
      <Filter>Header Files</Filter>
    </ClInclude>
    <ClInclude Include="src\Commands\NoteEditCommands.h">
      <Filter>Header Files</Filter>
    </ClInclude>
  </ItemGroup>
</Project>